// !$*UTF8*$!
{
	archiveVersion = 1;
	classes = {
	};
	objectVersion = 48;
	objects = {

/* Begin PBXBuildFile section */
		9A27F4C41E947BEE008FE993 /* main.m in Sources */ = {isa = PBXBuildFile; fileRef = 9A27F4C31E947BEE008FE993 /* main.m */; };
		9A27F4C71E947BEE008FE993 /* AppDelegate.m in Sources */ = {isa = PBXBuildFile; fileRef = 9A27F4C61E947BEE008FE993 /* AppDelegate.m */; };
		9A27F4CF1E947BEE008FE993 /* Assets.xcassets in Resources */ = {isa = PBXBuildFile; fileRef = 9A27F4CE1E947BEE008FE993 /* Assets.xcassets */; };
		9A27F4D21E947BEE008FE993 /* LaunchScreen.storyboard in Resources */ = {isa = PBXBuildFile; fileRef = 9A27F4D01E947BEE008FE993 /* LaunchScreen.storyboard */; };
		9A5C48941E95318500DF8CA6 /* SDWebViewController.m in Sources */ = {isa = PBXBuildFile; fileRef = 9A5C48931E95318500DF8CA6 /* SDWebViewController.m */; };
		9A5C48961E95359600DF8CA6 /* source.html in Resources */ = {isa = PBXBuildFile; fileRef = 9A5C48951E95359600DF8CA6 /* source.html */; };
		E14C478F1F4444F20099DC27 /* SDWebView.m in Sources */ = {isa = PBXBuildFile; fileRef = E14C478D1F44446F0099DC27 /* SDWebView.m */; };
		E1A1945121BD636000E2B738 /* YYSDPhotoBrowseView.m in Sources */ = {isa = PBXBuildFile; fileRef = E1A1941B21BD636000E2B738 /* YYSDPhotoBrowseView.m */; };
		E1A1945221BD636000E2B738 /* CALayer+YYSDAdd.m in Sources */ = {isa = PBXBuildFile; fileRef = E1A1941D21BD636000E2B738 /* CALayer+YYSDAdd.m */; };
		E1A1945321BD636000E2B738 /* YYSDCGUtilities.m in Sources */ = {isa = PBXBuildFile; fileRef = E1A1942021BD636000E2B738 /* YYSDCGUtilities.m */; };
		E1A1945421BD636000E2B738 /* YYSDDiskCache.m in Sources */ = {isa = PBXBuildFile; fileRef = E1A1942921BD636000E2B738 /* YYSDDiskCache.m */; };
		E1A1945521BD636000E2B738 /* YYSDMemoryCache.m in Sources */ = {isa = PBXBuildFile; fileRef = E1A1942B21BD636000E2B738 /* YYSDMemoryCache.m */; };
		E1A1945621BD636000E2B738 /* YYSDCache.m in Sources */ = {isa = PBXBuildFile; fileRef = E1A1942C21BD636000E2B738 /* YYSDCache.m */; };
		E1A1945721BD636000E2B738 /* YYSDKVStorage.m in Sources */ = {isa = PBXBuildFile; fileRef = E1A1942F21BD636000E2B738 /* YYSDKVStorage.m */; };
		E1A1945821BD636000E2B738 /* YYSDWebImageManager.m in Sources */ = {isa = PBXBuildFile; fileRef = E1A1943021BD636000E2B738 /* YYSDWebImageManager.m */; };
		E1A1945921BD636000E2B738 /* YYSDImageCache.m in Sources */ = {isa = PBXBuildFile; fileRef = E1A1943121BD636000E2B738 /* YYSDImageCache.m */; };
		E1A1945A21BD636000E2B738 /* YYSDImage.m in Sources */ = {isa = PBXBuildFile; fileRef = E1A1943321BD636000E2B738 /* YYSDImage.m */; };
		E1A1945B21BD636000E2B738 /* YYSDFrameImage.m in Sources */ = {isa = PBXBuildFile; fileRef = E1A1943721BD636000E2B738 /* YYSDFrameImage.m */; };
		E1A1945C21BD636000E2B738 /* YYSDSpriteSheetImage.m in Sources */ = {isa = PBXBuildFile; fileRef = E1A1943921BD636000E2B738 /* YYSDSpriteSheetImage.m */; };
		E1A1945D21BD636000E2B738 /* YYSDImageCoder.m in Sources */ = {isa = PBXBuildFile; fileRef = E1A1943A21BD636000E2B738 /* YYSDImageCoder.m */; };
		E1A1945E21BD636000E2B738 /* YYSDAnimatedImageView.m in Sources */ = {isa = PBXBuildFile; fileRef = E1A1943B21BD636000E2B738 /* YYSDAnimatedImageView.m */; };
		E1A1945F21BD636000E2B738 /* YYSDWebImageOperation.m in Sources */ = {isa = PBXBuildFile; fileRef = E1A1943C21BD636000E2B738 /* YYSDWebImageOperation.m */; };
		E1A1946021BD636000E2B738 /* CALayer+YYSDWebImage.m in Sources */ = {isa = PBXBuildFile; fileRef = E1A1944221BD636000E2B738 /* CALayer+YYSDWebImage.m */; };
		E1A1946121BD636000E2B738 /* UIButton+YYSDWebImage.m in Sources */ = {isa = PBXBuildFile; fileRef = E1A1944321BD636000E2B738 /* UIButton+YYSDWebImage.m */; };
		E1A1946221BD636000E2B738 /* _YYSDWebImageSetter.m in Sources */ = {isa = PBXBuildFile; fileRef = E1A1944521BD636000E2B738 /* _YYSDWebImageSetter.m */; };
		E1A1946321BD636000E2B738 /* UIImageView+YYSDWebImage.m in Sources */ = {isa = PBXBuildFile; fileRef = E1A1944621BD636000E2B738 /* UIImageView+YYSDWebImage.m */; };
		E1A1946421BD636000E2B738 /* MKAnnotationView+YYSDWebImage.m in Sources */ = {isa = PBXBuildFile; fileRef = E1A1944721BD636000E2B738 /* MKAnnotationView+YYSDWebImage.m */; };
		E1A1946521BD636000E2B738 /* UIImage+YYSDWebImage.m in Sources */ = {isa = PBXBuildFile; fileRef = E1A1944821BD636000E2B738 /* UIImage+YYSDWebImage.m */; };
		E1A1946621BD636000E2B738 /* UIView+YYSDAdd.m in Sources */ = {isa = PBXBuildFile; fileRef = E1A1944D21BD636000E2B738 /* UIView+YYSDAdd.m */; };
		E1A1946721BD636000E2B738 /* WebP.framework in Frameworks */ = {isa = PBXBuildFile; fileRef = E1A1944F21BD636000E2B738 /* WebP.framework */; };
		E1A1946821BD636000E2B738 /* WebP.sh in Resources */ = {isa = PBXBuildFile; fileRef = E1A1945021BD636000E2B738 /* WebP.sh */; };
/* End PBXBuildFile section */

/* Begin PBXFileReference section */
		9A27F4BF1E947BEE008FE993 /* SDWebViewDemo.app */ = {isa = PBXFileReference; explicitFileType = wrapper.application; includeInIndex = 0; path = SDWebViewDemo.app; sourceTree = BUILT_PRODUCTS_DIR; };
		9A27F4C31E947BEE008FE993 /* main.m */ = {isa = PBXFileReference; lastKnownFileType = sourcecode.c.objc; path = main.m; sourceTree = "<group>"; };
		9A27F4C51E947BEE008FE993 /* AppDelegate.h */ = {isa = PBXFileReference; lastKnownFileType = sourcecode.c.h; path = AppDelegate.h; sourceTree = "<group>"; };
		9A27F4C61E947BEE008FE993 /* AppDelegate.m */ = {isa = PBXFileReference; lastKnownFileType = sourcecode.c.objc; path = AppDelegate.m; sourceTree = "<group>"; };
		9A27F4CE1E947BEE008FE993 /* Assets.xcassets */ = {isa = PBXFileReference; lastKnownFileType = folder.assetcatalog; path = Assets.xcassets; sourceTree = "<group>"; };
		9A27F4D11E947BEE008FE993 /* Base */ = {isa = PBXFileReference; lastKnownFileType = file.storyboard; name = Base; path = Base.lproj/LaunchScreen.storyboard; sourceTree = "<group>"; };
		9A27F4D31E947BEE008FE993 /* Info.plist */ = {isa = PBXFileReference; lastKnownFileType = text.plist.xml; path = Info.plist; sourceTree = "<group>"; };
		9A5C48921E95318500DF8CA6 /* SDWebViewController.h */ = {isa = PBXFileReference; fileEncoding = 4; lastKnownFileType = sourcecode.c.h; path = SDWebViewController.h; sourceTree = "<group>"; };
		9A5C48931E95318500DF8CA6 /* SDWebViewController.m */ = {isa = PBXFileReference; fileEncoding = 4; lastKnownFileType = sourcecode.c.objc; path = SDWebViewController.m; sourceTree = "<group>"; };
		9A5C48951E95359600DF8CA6 /* source.html */ = {isa = PBXFileReference; fileEncoding = 4; lastKnownFileType = text.html; path = source.html; sourceTree = "<group>"; };
		E14C478C1F44446F0099DC27 /* SDWebView.h */ = {isa = PBXFileReference; lastKnownFileType = sourcecode.c.h; path = SDWebView.h; sourceTree = "<group>"; };
		E14C478D1F44446F0099DC27 /* SDWebView.m */ = {isa = PBXFileReference; lastKnownFileType = sourcecode.c.objc; path = SDWebView.m; sourceTree = "<group>"; };
		E14C478E1F4444DC0099DC27 /* README.md */ = {isa = PBXFileReference; lastKnownFileType = net.daringfireball.markdown; path = README.md; sourceTree = SOURCE_ROOT; };
		E1A1941B21BD636000E2B738 /* YYSDPhotoBrowseView.m */ = {isa = PBXFileReference; fileEncoding = 4; lastKnownFileType = sourcecode.c.objc; path = YYSDPhotoBrowseView.m; sourceTree = "<group>"; };
		E1A1941D21BD636000E2B738 /* CALayer+YYSDAdd.m */ = {isa = PBXFileReference; fileEncoding = 4; lastKnownFileType = sourcecode.c.objc; path = "CALayer+YYSDAdd.m"; sourceTree = "<group>"; };
		E1A1941E21BD636000E2B738 /* YYSDCGUtilities.h */ = {isa = PBXFileReference; fileEncoding = 4; lastKnownFileType = sourcecode.c.h; path = YYSDCGUtilities.h; sourceTree = "<group>"; };
		E1A1941F21BD636000E2B738 /* CALayer+YYSDAdd.h */ = {isa = PBXFileReference; fileEncoding = 4; lastKnownFileType = sourcecode.c.h; path = "CALayer+YYSDAdd.h"; sourceTree = "<group>"; };
		E1A1942021BD636000E2B738 /* YYSDCGUtilities.m */ = {isa = PBXFileReference; fileEncoding = 4; lastKnownFileType = sourcecode.c.objc; path = YYSDCGUtilities.m; sourceTree = "<group>"; };
		E1A1942121BD636000E2B738 /* YYSDKitMacro.h */ = {isa = PBXFileReference; fileEncoding = 4; lastKnownFileType = sourcecode.c.h; path = YYSDKitMacro.h; sourceTree = "<group>"; };
		E1A1942221BD636000E2B738 /* YYSDPhotoBrowseView.h */ = {isa = PBXFileReference; fileEncoding = 4; lastKnownFileType = sourcecode.c.h; path = YYSDPhotoBrowseView.h; sourceTree = "<group>"; };
		E1A1942421BD636000E2B738 /* YYSDWebImageOperation.h */ = {isa = PBXFileReference; fileEncoding = 4; lastKnownFileType = sourcecode.c.h; path = YYSDWebImageOperation.h; sourceTree = "<group>"; };
		E1A1942521BD636000E2B738 /* YYSDAnimatedImageView.h */ = {isa = PBXFileReference; fileEncoding = 4; lastKnownFileType = sourcecode.c.h; path = YYSDAnimatedImageView.h; sourceTree = "<group>"; };
		E1A1942621BD636000E2B738 /* YYSDWebImage.h */ = {isa = PBXFileReference; fileEncoding = 4; lastKnownFileType = sourcecode.c.h; path = YYSDWebImage.h; sourceTree = "<group>"; };
		E1A1942821BD636000E2B738 /* YYSDCache.h */ = {isa = PBXFileReference; fileEncoding = 4; lastKnownFileType = sourcecode.c.h; path = YYSDCache.h; sourceTree = "<group>"; };
		E1A1942921BD636000E2B738 /* YYSDDiskCache.m */ = {isa = PBXFileReference; fileEncoding = 4; lastKnownFileType = sourcecode.c.objc; path = YYSDDiskCache.m; sourceTree = "<group>"; };
		E1A1942A21BD636000E2B738 /* YYSDKVStorage.h */ = {isa = PBXFileReference; fileEncoding = 4; lastKnownFileType = sourcecode.c.h; path = YYSDKVStorage.h; sourceTree = "<group>"; };
		E1A1942B21BD636000E2B738 /* YYSDMemoryCache.m */ = {isa = PBXFileReference; fileEncoding = 4; lastKnownFileType = sourcecode.c.objc; path = YYSDMemoryCache.m; sourceTree = "<group>"; };
		E1A1942C21BD636000E2B738 /* YYSDCache.m */ = {isa = PBXFileReference; fileEncoding = 4; lastKnownFileType = sourcecode.c.objc; path = YYSDCache.m; sourceTree = "<group>"; };
		E1A1942D21BD636000E2B738 /* YYSDDiskCache.h */ = {isa = PBXFileReference; fileEncoding = 4; lastKnownFileType = sourcecode.c.h; path = YYSDDiskCache.h; sourceTree = "<group>"; };
		E1A1942E21BD636000E2B738 /* YYSDMemoryCache.h */ = {isa = PBXFileReference; fileEncoding = 4; lastKnownFileType = sourcecode.c.h; path = YYSDMemoryCache.h; sourceTree = "<group>"; };
		E1A1942F21BD636000E2B738 /* YYSDKVStorage.m */ = {isa = PBXFileReference; fileEncoding = 4; lastKnownFileType = sourcecode.c.objc; path = YYSDKVStorage.m; sourceTree = "<group>"; };
		E1A1943021BD636000E2B738 /* YYSDWebImageManager.m */ = {isa = PBXFileReference; fileEncoding = 4; lastKnownFileType = sourcecode.c.objc; path = YYSDWebImageManager.m; sourceTree = "<group>"; };
		E1A1943121BD636000E2B738 /* YYSDImageCache.m */ = {isa = PBXFileReference; fileEncoding = 4; lastKnownFileType = sourcecode.c.objc; path = YYSDImageCache.m; sourceTree = "<group>"; };
		E1A1943321BD636000E2B738 /* YYSDImage.m */ = {isa = PBXFileReference; fileEncoding = 4; lastKnownFileType = sourcecode.c.objc; path = YYSDImage.m; sourceTree = "<group>"; };
		E1A1943421BD636000E2B738 /* YYSDFrameImage.h */ = {isa = PBXFileReference; fileEncoding = 4; lastKnownFileType = sourcecode.c.h; path = YYSDFrameImage.h; sourceTree = "<group>"; };
		E1A1943521BD636000E2B738 /* YYSDSpriteSheetImage.h */ = {isa = PBXFileReference; fileEncoding = 4; lastKnownFileType = sourcecode.c.h; path = YYSDSpriteSheetImage.h; sourceTree = "<group>"; };
		E1A1943621BD636000E2B738 /* YYSDImageCoder.h */ = {isa = PBXFileReference; fileEncoding = 4; lastKnownFileType = sourcecode.c.h; path = YYSDImageCoder.h; sourceTree = "<group>"; };
		E1A1943721BD636000E2B738 /* YYSDFrameImage.m */ = {isa = PBXFileReference; fileEncoding = 4; lastKnownFileType = sourcecode.c.objc; path = YYSDFrameImage.m; sourceTree = "<group>"; };
		E1A1943821BD636000E2B738 /* YYSDImage.h */ = {isa = PBXFileReference; fileEncoding = 4; lastKnownFileType = sourcecode.c.h; path = YYSDImage.h; sourceTree = "<group>"; };
		E1A1943921BD636000E2B738 /* YYSDSpriteSheetImage.m */ = {isa = PBXFileReference; fileEncoding = 4; lastKnownFileType = sourcecode.c.objc; path = YYSDSpriteSheetImage.m; sourceTree = "<group>"; };
		E1A1943A21BD636000E2B738 /* YYSDImageCoder.m */ = {isa = PBXFileReference; fileEncoding = 4; lastKnownFileType = sourcecode.c.objc; path = YYSDImageCoder.m; sourceTree = "<group>"; };
		E1A1943B21BD636000E2B738 /* YYSDAnimatedImageView.m */ = {isa = PBXFileReference; fileEncoding = 4; lastKnownFileType = sourcecode.c.objc; path = YYSDAnimatedImageView.m; sourceTree = "<group>"; };
		E1A1943C21BD636000E2B738 /* YYSDWebImageOperation.m */ = {isa = PBXFileReference; fileEncoding = 4; lastKnownFileType = sourcecode.c.objc; path = YYSDWebImageOperation.m; sourceTree = "<group>"; };
		E1A1943D21BD636000E2B738 /* YYSDWebImageManager.h */ = {isa = PBXFileReference; fileEncoding = 4; lastKnownFileType = sourcecode.c.h; path = YYSDWebImageManager.h; sourceTree = "<group>"; };
		E1A1943E21BD636000E2B738 /* YYSDImageCache.h */ = {isa = PBXFileReference; fileEncoding = 4; lastKnownFileType = sourcecode.c.h; path = YYSDImageCache.h; sourceTree = "<group>"; };
		E1A1944021BD636000E2B738 /* MKAnnotationView+YYSDWebImage.h */ = {isa = PBXFileReference; fileEncoding = 4; lastKnownFileType = sourcecode.c.h; path = "MKAnnotationView+YYSDWebImage.h"; sourceTree = "<group>"; };
		E1A1944121BD636000E2B738 /* UIImage+YYSDWebImage.h */ = {isa = PBXFileReference; fileEncoding = 4; lastKnownFileType = sourcecode.c.h; path = "UIImage+YYSDWebImage.h"; sourceTree = "<group>"; };
		E1A1944221BD636000E2B738 /* CALayer+YYSDWebImage.m */ = {isa = PBXFileReference; fileEncoding = 4; lastKnownFileType = sourcecode.c.objc; path = "CALayer+YYSDWebImage.m"; sourceTree = "<group>"; };
		E1A1944321BD636000E2B738 /* UIButton+YYSDWebImage.m */ = {isa = PBXFileReference; fileEncoding = 4; lastKnownFileType = sourcecode.c.objc; path = "UIButton+YYSDWebImage.m"; sourceTree = "<group>"; };
		E1A1944421BD636000E2B738 /* UIView+YYSDAdd.h */ = {isa = PBXFileReference; fileEncoding = 4; lastKnownFileType = sourcecode.c.h; path = "UIView+YYSDAdd.h"; sourceTree = "<group>"; };
		E1A1944521BD636000E2B738 /* _YYSDWebImageSetter.m */ = {isa = PBXFileReference; fileEncoding = 4; lastKnownFileType = sourcecode.c.objc; path = _YYSDWebImageSetter.m; sourceTree = "<group>"; };
		E1A1944621BD636000E2B738 /* UIImageView+YYSDWebImage.m */ = {isa = PBXFileReference; fileEncoding = 4; lastKnownFileType = sourcecode.c.objc; path = "UIImageView+YYSDWebImage.m"; sourceTree = "<group>"; };
		E1A1944721BD636000E2B738 /* MKAnnotationView+YYSDWebImage.m */ = {isa = PBXFileReference; fileEncoding = 4; lastKnownFileType = sourcecode.c.objc; path = "MKAnnotationView+YYSDWebImage.m"; sourceTree = "<group>"; };
		E1A1944821BD636000E2B738 /* UIImage+YYSDWebImage.m */ = {isa = PBXFileReference; fileEncoding = 4; lastKnownFileType = sourcecode.c.objc; path = "UIImage+YYSDWebImage.m"; sourceTree = "<group>"; };
		E1A1944921BD636000E2B738 /* CALayer+YYSDWebImage.h */ = {isa = PBXFileReference; fileEncoding = 4; lastKnownFileType = sourcecode.c.h; path = "CALayer+YYSDWebImage.h"; sourceTree = "<group>"; };
		E1A1944A21BD636000E2B738 /* UIImageView+YYSDWebImage.h */ = {isa = PBXFileReference; fileEncoding = 4; lastKnownFileType = sourcecode.c.h; path = "UIImageView+YYSDWebImage.h"; sourceTree = "<group>"; };
		E1A1944B21BD636000E2B738 /* _YYSDWebImageSetter.h */ = {isa = PBXFileReference; fileEncoding = 4; lastKnownFileType = sourcecode.c.h; path = _YYSDWebImageSetter.h; sourceTree = "<group>"; };
		E1A1944C21BD636000E2B738 /* UIButton+YYSDWebImage.h */ = {isa = PBXFileReference; fileEncoding = 4; lastKnownFileType = sourcecode.c.h; path = "UIButton+YYSDWebImage.h"; sourceTree = "<group>"; };
		E1A1944D21BD636000E2B738 /* UIView+YYSDAdd.m */ = {isa = PBXFileReference; fileEncoding = 4; lastKnownFileType = sourcecode.c.objc; path = "UIView+YYSDAdd.m"; sourceTree = "<group>"; };
		E1A1944F21BD636000E2B738 /* WebP.framework */ = {isa = PBXFileReference; lastKnownFileType = wrapper.framework; path = WebP.framework; sourceTree = "<group>"; };
		E1A1945021BD636000E2B738 /* WebP.sh */ = {isa = PBXFileReference; fileEncoding = 4; lastKnownFileType = text.script.sh; path = WebP.sh; sourceTree = "<group>"; };
/* End PBXFileReference section */

/* Begin PBXFrameworksBuildPhase section */
		9A27F4BC1E947BEE008FE993 /* Frameworks */ = {
			isa = PBXFrameworksBuildPhase;
			buildActionMask = 2147483647;
			files = (
				E1A1946721BD636000E2B738 /* WebP.framework in Frameworks */,
			);
			runOnlyForDeploymentPostprocessing = 0;
		};
/* End PBXFrameworksBuildPhase section */

/* Begin PBXGroup section */
		9A27F4B61E947BEE008FE993 = {
			isa = PBXGroup;
			children = (
				9A27F4C11E947BEE008FE993 /* SDWebViewDemo */,
				9A27F4C01E947BEE008FE993 /* Products */,
			);
			sourceTree = "<group>";
		};
		9A27F4C01E947BEE008FE993 /* Products */ = {
			isa = PBXGroup;
			children = (
				9A27F4BF1E947BEE008FE993 /* SDWebViewDemo.app */,
			);
			name = Products;
			sourceTree = "<group>";
		};
		9A27F4C11E947BEE008FE993 /* SDWebViewDemo */ = {
			isa = PBXGroup;
			children = (
				E14C478A1F44446F0099DC27 /* SDWebView */,
				9A27F4C51E947BEE008FE993 /* AppDelegate.h */,
				9A27F4C61E947BEE008FE993 /* AppDelegate.m */,
				9A5C48921E95318500DF8CA6 /* SDWebViewController.h */,
				9A5C48931E95318500DF8CA6 /* SDWebViewController.m */,
				9A27F4CE1E947BEE008FE993 /* Assets.xcassets */,
				9A27F4D01E947BEE008FE993 /* LaunchScreen.storyboard */,
				9A27F4D31E947BEE008FE993 /* Info.plist */,
				9A27F4C21E947BEE008FE993 /* Supporting Files */,
			);
			path = SDWebViewDemo;
			sourceTree = "<group>";
		};
		9A27F4C21E947BEE008FE993 /* Supporting Files */ = {
			isa = PBXGroup;
			children = (
				E14C478E1F4444DC0099DC27 /* README.md */,
				9A5C48951E95359600DF8CA6 /* source.html */,
				9A27F4C31E947BEE008FE993 /* main.m */,
			);
			name = "Supporting Files";
			sourceTree = "<group>";
		};
		E14C478A1F44446F0099DC27 /* SDWebView */ = {
			isa = PBXGroup;
			children = (
				E1A1941A21BD636000E2B738 /* PhotoBrowseView */,
				E14C478C1F44446F0099DC27 /* SDWebView.h */,
				E14C478D1F44446F0099DC27 /* SDWebView.m */,
			);
			path = SDWebView;
			sourceTree = "<group>";
		};
		E1A1941A21BD636000E2B738 /* PhotoBrowseView */ = {
			isa = PBXGroup;
			children = (
				E1A1941B21BD636000E2B738 /* YYSDPhotoBrowseView.m */,
				E1A1941C21BD636000E2B738 /* Quartz */,
				E1A1942221BD636000E2B738 /* YYSDPhotoBrowseView.h */,
				E1A1942321BD636000E2B738 /* YYWebImage */,
			);
			path = PhotoBrowseView;
			sourceTree = "<group>";
		};
		E1A1941C21BD636000E2B738 /* Quartz */ = {
			isa = PBXGroup;
			children = (
				E1A1941D21BD636000E2B738 /* CALayer+YYSDAdd.m */,
				E1A1941E21BD636000E2B738 /* YYSDCGUtilities.h */,
				E1A1941F21BD636000E2B738 /* CALayer+YYSDAdd.h */,
				E1A1942021BD636000E2B738 /* YYSDCGUtilities.m */,
				E1A1942121BD636000E2B738 /* YYSDKitMacro.h */,
			);
			path = Quartz;
			sourceTree = "<group>";
		};
		E1A1942321BD636000E2B738 /* YYWebImage */ = {
			isa = PBXGroup;
			children = (
				E1A1942421BD636000E2B738 /* YYSDWebImageOperation.h */,
				E1A1942521BD636000E2B738 /* YYSDAnimatedImageView.h */,
				E1A1942621BD636000E2B738 /* YYSDWebImage.h */,
				E1A1942721BD636000E2B738 /* Cache */,
				E1A1943021BD636000E2B738 /* YYSDWebImageManager.m */,
				E1A1943121BD636000E2B738 /* YYSDImageCache.m */,
				E1A1943221BD636000E2B738 /* Image */,
				E1A1943B21BD636000E2B738 /* YYSDAnimatedImageView.m */,
				E1A1943C21BD636000E2B738 /* YYSDWebImageOperation.m */,
				E1A1943D21BD636000E2B738 /* YYSDWebImageManager.h */,
				E1A1943E21BD636000E2B738 /* YYSDImageCache.h */,
				E1A1943F21BD636000E2B738 /* Categories */,
				E1A1944E21BD636000E2B738 /* Vendor */,
			);
			path = YYWebImage;
			sourceTree = "<group>";
		};
		E1A1942721BD636000E2B738 /* Cache */ = {
			isa = PBXGroup;
			children = (
				E1A1942821BD636000E2B738 /* YYSDCache.h */,
				E1A1942921BD636000E2B738 /* YYSDDiskCache.m */,
				E1A1942A21BD636000E2B738 /* YYSDKVStorage.h */,
				E1A1942B21BD636000E2B738 /* YYSDMemoryCache.m */,
				E1A1942C21BD636000E2B738 /* YYSDCache.m */,
				E1A1942D21BD636000E2B738 /* YYSDDiskCache.h */,
				E1A1942E21BD636000E2B738 /* YYSDMemoryCache.h */,
				E1A1942F21BD636000E2B738 /* YYSDKVStorage.m */,
			);
			path = Cache;
			sourceTree = "<group>";
		};
		E1A1943221BD636000E2B738 /* Image */ = {
			isa = PBXGroup;
			children = (
				E1A1943321BD636000E2B738 /* YYSDImage.m */,
				E1A1943421BD636000E2B738 /* YYSDFrameImage.h */,
				E1A1943521BD636000E2B738 /* YYSDSpriteSheetImage.h */,
				E1A1943621BD636000E2B738 /* YYSDImageCoder.h */,
				E1A1943721BD636000E2B738 /* YYSDFrameImage.m */,
				E1A1943821BD636000E2B738 /* YYSDImage.h */,
				E1A1943921BD636000E2B738 /* YYSDSpriteSheetImage.m */,
				E1A1943A21BD636000E2B738 /* YYSDImageCoder.m */,
			);
			path = Image;
			sourceTree = "<group>";
		};
		E1A1943F21BD636000E2B738 /* Categories */ = {
			isa = PBXGroup;
			children = (
				E1A1944021BD636000E2B738 /* MKAnnotationView+YYSDWebImage.h */,
				E1A1944121BD636000E2B738 /* UIImage+YYSDWebImage.h */,
				E1A1944221BD636000E2B738 /* CALayer+YYSDWebImage.m */,
				E1A1944321BD636000E2B738 /* UIButton+YYSDWebImage.m */,
				E1A1944421BD636000E2B738 /* UIView+YYSDAdd.h */,
				E1A1944521BD636000E2B738 /* _YYSDWebImageSetter.m */,
				E1A1944621BD636000E2B738 /* UIImageView+YYSDWebImage.m */,
				E1A1944721BD636000E2B738 /* MKAnnotationView+YYSDWebImage.m */,
				E1A1944821BD636000E2B738 /* UIImage+YYSDWebImage.m */,
				E1A1944921BD636000E2B738 /* CALayer+YYSDWebImage.h */,
				E1A1944A21BD636000E2B738 /* UIImageView+YYSDWebImage.h */,
				E1A1944B21BD636000E2B738 /* _YYSDWebImageSetter.h */,
				E1A1944C21BD636000E2B738 /* UIButton+YYSDWebImage.h */,
				E1A1944D21BD636000E2B738 /* UIView+YYSDAdd.m */,
			);
			path = Categories;
			sourceTree = "<group>";
		};
		E1A1944E21BD636000E2B738 /* Vendor */ = {
			isa = PBXGroup;
			children = (
				E1A1944F21BD636000E2B738 /* WebP.framework */,
				E1A1945021BD636000E2B738 /* WebP.sh */,
			);
			path = Vendor;
			sourceTree = "<group>";
		};
/* End PBXGroup section */

/* Begin PBXNativeTarget section */
		9A27F4BE1E947BEE008FE993 /* SDWebViewDemo */ = {
			isa = PBXNativeTarget;
			buildConfigurationList = 9A27F4D61E947BEE008FE993 /* Build configuration list for PBXNativeTarget "SDWebViewDemo" */;
			buildPhases = (
				9A27F4BB1E947BEE008FE993 /* Sources */,
				9A27F4BC1E947BEE008FE993 /* Frameworks */,
				9A27F4BD1E947BEE008FE993 /* Resources */,
			);
			buildRules = (
			);
			dependencies = (
			);
			name = SDWebViewDemo;
			productName = SDWebViewDemo;
			productReference = 9A27F4BF1E947BEE008FE993 /* SDWebViewDemo.app */;
			productType = "com.apple.product-type.application";
		};
/* End PBXNativeTarget section */

/* Begin PBXProject section */
		9A27F4B71E947BEE008FE993 /* Project object */ = {
			isa = PBXProject;
			attributes = {
				LastUpgradeCheck = 0940;
				ORGANIZATIONNAME = "";
				TargetAttributes = {
					9A27F4BE1E947BEE008FE993 = {
						CreatedOnToolsVersion = 8.2.1;
						DevelopmentTeam = N29NG87DU4;
						ProvisioningStyle = Automatic;
					};
				};
			};
			buildConfigurationList = 9A27F4BA1E947BEE008FE993 /* Build configuration list for PBXProject "SDWebViewDemo" */;
			compatibilityVersion = "Xcode 8.0";
			developmentRegion = English;
			hasScannedForEncodings = 0;
			knownRegions = (
				en,
				Base,
			);
			mainGroup = 9A27F4B61E947BEE008FE993;
			productRefGroup = 9A27F4C01E947BEE008FE993 /* Products */;
			projectDirPath = "";
			projectRoot = "";
			targets = (
				9A27F4BE1E947BEE008FE993 /* SDWebViewDemo */,
			);
		};
/* End PBXProject section */

/* Begin PBXResourcesBuildPhase section */
		9A27F4BD1E947BEE008FE993 /* Resources */ = {
			isa = PBXResourcesBuildPhase;
			buildActionMask = 2147483647;
			files = (
				9A27F4D21E947BEE008FE993 /* LaunchScreen.storyboard in Resources */,
				9A27F4CF1E947BEE008FE993 /* Assets.xcassets in Resources */,
				E1A1946821BD636000E2B738 /* WebP.sh in Resources */,
				9A5C48961E95359600DF8CA6 /* source.html in Resources */,
			);
			runOnlyForDeploymentPostprocessing = 0;
		};
/* End PBXResourcesBuildPhase section */

/* Begin PBXSourcesBuildPhase section */
		9A27F4BB1E947BEE008FE993 /* Sources */ = {
			isa = PBXSourcesBuildPhase;
			buildActionMask = 2147483647;
			files = (
				E1A1945D21BD636000E2B738 /* YYSDImageCoder.m in Sources */,
				E1A1945A21BD636000E2B738 /* YYSDImage.m in Sources */,
				E1A1945321BD636000E2B738 /* YYSDCGUtilities.m in Sources */,
				E1A1946021BD636000E2B738 /* CALayer+YYSDWebImage.m in Sources */,
				E1A1945821BD636000E2B738 /* YYSDWebImageManager.m in Sources */,
				E1A1945921BD636000E2B738 /* YYSDImageCache.m in Sources */,
				E1A1945621BD636000E2B738 /* YYSDCache.m in Sources */,
				E1A1946621BD636000E2B738 /* UIView+YYSDAdd.m in Sources */,
				E1A1945521BD636000E2B738 /* YYSDMemoryCache.m in Sources */,
				E1A1945221BD636000E2B738 /* CALayer+YYSDAdd.m in Sources */,
				E1A1945E21BD636000E2B738 /* YYSDAnimatedImageView.m in Sources */,
				E1A1945B21BD636000E2B738 /* YYSDFrameImage.m in Sources */,
				E1A1945421BD636000E2B738 /* YYSDDiskCache.m in Sources */,
				9A27F4C71E947BEE008FE993 /* AppDelegate.m in Sources */,
				E1A1946421BD636000E2B738 /* MKAnnotationView+YYSDWebImage.m in Sources */,
				E1A1946121BD636000E2B738 /* UIButton+YYSDWebImage.m in Sources */,
				E1A1946321BD636000E2B738 /* UIImageView+YYSDWebImage.m in Sources */,
				E1A1945F21BD636000E2B738 /* YYSDWebImageOperation.m in Sources */,
				9A27F4C41E947BEE008FE993 /* main.m in Sources */,
				E1A1946221BD636000E2B738 /* _YYSDWebImageSetter.m in Sources */,
				E14C478F1F4444F20099DC27 /* SDWebView.m in Sources */,
				E1A1945121BD636000E2B738 /* YYSDPhotoBrowseView.m in Sources */,
				E1A1946521BD636000E2B738 /* UIImage+YYSDWebImage.m in Sources */,
				E1A1945C21BD636000E2B738 /* YYSDSpriteSheetImage.m in Sources */,
				E1A1945721BD636000E2B738 /* YYSDKVStorage.m in Sources */,
				9A5C48941E95318500DF8CA6 /* SDWebViewController.m in Sources */,
			);
			runOnlyForDeploymentPostprocessing = 0;
		};
/* End PBXSourcesBuildPhase section */

/* Begin PBXVariantGroup section */
		9A27F4D01E947BEE008FE993 /* LaunchScreen.storyboard */ = {
			isa = PBXVariantGroup;
			children = (
				9A27F4D11E947BEE008FE993 /* Base */,
			);
			name = LaunchScreen.storyboard;
			sourceTree = "<group>";
		};
/* End PBXVariantGroup section */

/* Begin XCBuildConfiguration section */
		9A27F4D41E947BEE008FE993 /* Debug */ = {
			isa = XCBuildConfiguration;
			buildSettings = {
				ALWAYS_SEARCH_USER_PATHS = NO;
				CLANG_ALLOW_NON_MODULAR_INCLUDES_IN_FRAMEWORK_MODULES = YES;
				CLANG_ANALYZER_NONNULL = YES;
				CLANG_CXX_LANGUAGE_STANDARD = "gnu++0x";
				CLANG_CXX_LIBRARY = "libc++";
				CLANG_ENABLE_MODULES = YES;
				CLANG_ENABLE_OBJC_ARC = YES;
				CLANG_WARN_BLOCK_CAPTURE_AUTORELEASING = YES;
				CLANG_WARN_BOOL_CONVERSION = YES;
				CLANG_WARN_COMMA = YES;
				CLANG_WARN_CONSTANT_CONVERSION = YES;
				CLANG_WARN_DEPRECATED_OBJC_IMPLEMENTATIONS = YES;
				CLANG_WARN_DIRECT_OBJC_ISA_USAGE = YES_ERROR;
				CLANG_WARN_DOCUMENTATION_COMMENTS = YES;
				CLANG_WARN_EMPTY_BODY = YES;
				CLANG_WARN_ENUM_CONVERSION = YES;
				CLANG_WARN_INFINITE_RECURSION = YES;
				CLANG_WARN_INT_CONVERSION = YES;
				CLANG_WARN_NON_LITERAL_NULL_CONVERSION = YES;
				CLANG_WARN_OBJC_IMPLICIT_RETAIN_SELF = YES;
				CLANG_WARN_OBJC_LITERAL_CONVERSION = YES;
				CLANG_WARN_OBJC_ROOT_CLASS = YES_ERROR;
				CLANG_WARN_RANGE_LOOP_ANALYSIS = YES;
				CLANG_WARN_STRICT_PROTOTYPES = YES;
				CLANG_WARN_SUSPICIOUS_MOVE = YES;
				CLANG_WARN_UNREACHABLE_CODE = YES;
				CLANG_WARN__DUPLICATE_METHOD_MATCH = YES;
				"CODE_SIGN_IDENTITY[sdk=iphoneos*]" = "iPhone Developer";
				COPY_PHASE_STRIP = NO;
				DEBUG_INFORMATION_FORMAT = dwarf;
				ENABLE_STRICT_OBJC_MSGSEND = YES;
				ENABLE_TESTABILITY = YES;
				GCC_C_LANGUAGE_STANDARD = gnu99;
				GCC_DYNAMIC_NO_PIC = NO;
				GCC_NO_COMMON_BLOCKS = YES;
				GCC_OPTIMIZATION_LEVEL = 0;
				GCC_PREPROCESSOR_DEFINITIONS = (
					"DEBUG=1",
					"$(inherited)",
				);
				GCC_WARN_64_TO_32_BIT_CONVERSION = YES;
				GCC_WARN_ABOUT_RETURN_TYPE = YES_ERROR;
				GCC_WARN_UNDECLARED_SELECTOR = YES;
				GCC_WARN_UNINITIALIZED_AUTOS = YES_AGGRESSIVE;
				GCC_WARN_UNUSED_FUNCTION = YES;
				GCC_WARN_UNUSED_VARIABLE = YES;
				IPHONEOS_DEPLOYMENT_TARGET = 8.0;
				MTL_ENABLE_DEBUG_INFO = YES;
				ONLY_ACTIVE_ARCH = YES;
				SDKROOT = iphoneos;
				TARGETED_DEVICE_FAMILY = "1,2";
			};
			name = Debug;
		};
		9A27F4D51E947BEE008FE993 /* Release */ = {
			isa = XCBuildConfiguration;
			buildSettings = {
				ALWAYS_SEARCH_USER_PATHS = NO;
				CLANG_ALLOW_NON_MODULAR_INCLUDES_IN_FRAMEWORK_MODULES = YES;
				CLANG_ANALYZER_NONNULL = YES;
				CLANG_CXX_LANGUAGE_STANDARD = "gnu++0x";
				CLANG_CXX_LIBRARY = "libc++";
				CLANG_ENABLE_MODULES = YES;
				CLANG_ENABLE_OBJC_ARC = YES;
				CLANG_WARN_BLOCK_CAPTURE_AUTORELEASING = YES;
				CLANG_WARN_BOOL_CONVERSION = YES;
				CLANG_WARN_COMMA = YES;
				CLANG_WARN_CONSTANT_CONVERSION = YES;
				CLANG_WARN_DEPRECATED_OBJC_IMPLEMENTATIONS = YES;
				CLANG_WARN_DIRECT_OBJC_ISA_USAGE = YES_ERROR;
				CLANG_WARN_DOCUMENTATION_COMMENTS = YES;
				CLANG_WARN_EMPTY_BODY = YES;
				CLANG_WARN_ENUM_CONVERSION = YES;
				CLANG_WARN_INFINITE_RECURSION = YES;
				CLANG_WARN_INT_CONVERSION = YES;
				CLANG_WARN_NON_LITERAL_NULL_CONVERSION = YES;
				CLANG_WARN_OBJC_IMPLICIT_RETAIN_SELF = YES;
				CLANG_WARN_OBJC_LITERAL_CONVERSION = YES;
				CLANG_WARN_OBJC_ROOT_CLASS = YES_ERROR;
				CLANG_WARN_RANGE_LOOP_ANALYSIS = YES;
				CLANG_WARN_STRICT_PROTOTYPES = YES;
				CLANG_WARN_SUSPICIOUS_MOVE = YES;
				CLANG_WARN_UNREACHABLE_CODE = YES;
				CLANG_WARN__DUPLICATE_METHOD_MATCH = YES;
				"CODE_SIGN_IDENTITY[sdk=iphoneos*]" = "iPhone Developer";
				COPY_PHASE_STRIP = NO;
				DEBUG_INFORMATION_FORMAT = "dwarf-with-dsym";
				ENABLE_NS_ASSERTIONS = NO;
				ENABLE_STRICT_OBJC_MSGSEND = YES;
				GCC_C_LANGUAGE_STANDARD = gnu99;
				GCC_NO_COMMON_BLOCKS = YES;
				GCC_WARN_64_TO_32_BIT_CONVERSION = YES;
				GCC_WARN_ABOUT_RETURN_TYPE = YES_ERROR;
				GCC_WARN_UNDECLARED_SELECTOR = YES;
				GCC_WARN_UNINITIALIZED_AUTOS = YES_AGGRESSIVE;
				GCC_WARN_UNUSED_FUNCTION = YES;
				GCC_WARN_UNUSED_VARIABLE = YES;
				IPHONEOS_DEPLOYMENT_TARGET = 8.0;
				MTL_ENABLE_DEBUG_INFO = NO;
				SDKROOT = iphoneos;
				TARGETED_DEVICE_FAMILY = "1,2";
				VALIDATE_PRODUCT = YES;
			};
			name = Release;
		};
		9A27F4D71E947BEE008FE993 /* Debug */ = {
			isa = XCBuildConfiguration;
			buildSettings = {
				ASSETCATALOG_COMPILER_APPICON_NAME = AppIcon;
				CLANG_ALLOW_NON_MODULAR_INCLUDES_IN_FRAMEWORK_MODULES = YES;
				DEVELOPMENT_TEAM = N29NG87DU4;
				FRAMEWORK_SEARCH_PATHS = (
					"$(inherited)",
					"$(PROJECT_DIR)/SDWebViewDemo/SDWebView/PhotoBrowseView/YYWebImage/Vendor",
				);
				INFOPLIST_FILE = SDWebViewDemo/Info.plist;
				IPHONEOS_DEPLOYMENT_TARGET = 8.0;
				LD_RUNPATH_SEARCH_PATHS = "$(inherited) @executable_path/Frameworks";
				PRODUCT_BUNDLE_IDENTIFIER = SDWebView;
				PRODUCT_NAME = "$(TARGET_NAME)";
				TARGETED_DEVICE_FAMILY = 1;
			};
			name = Debug;
		};
		9A27F4D81E947BEE008FE993 /* Release */ = {
			isa = XCBuildConfiguration;
			buildSettings = {
				ASSETCATALOG_COMPILER_APPICON_NAME = AppIcon;
				CLANG_ALLOW_NON_MODULAR_INCLUDES_IN_FRAMEWORK_MODULES = YES;
				DEVELOPMENT_TEAM = N29NG87DU4;
				FRAMEWORK_SEARCH_PATHS = (
					"$(inherited)",
					"$(PROJECT_DIR)/SDWebViewDemo/SDWebView/PhotoBrowseView/YYWebImage/Vendor",
				);
				INFOPLIST_FILE = SDWebViewDemo/Info.plist;
				IPHONEOS_DEPLOYMENT_TARGET = 8.0;
				LD_RUNPATH_SEARCH_PATHS = "$(inherited) @executable_path/Frameworks";
				PRODUCT_BUNDLE_IDENTIFIER = SDWebView;
				PRODUCT_NAME = "$(TARGET_NAME)";
				TARGETED_DEVICE_FAMILY = 1;
			};
			name = Release;
		};
/* End XCBuildConfiguration section */

/* Begin XCConfigurationList section */
		9A27F4BA1E947BEE008FE993 /* Build configuration list for PBXProject "SDWebViewDemo" */ = {
			isa = XCConfigurationList;
			buildConfigurations = (
				9A27F4D41E947BEE008FE993 /* Debug */,
				9A27F4D51E947BEE008FE993 /* Release */,
			);
			defaultConfigurationIsVisible = 0;
			defaultConfigurationName = Release;
		};
		9A27F4D61E947BEE008FE993 /* Build configuration list for PBXNativeTarget "SDWebViewDemo" */ = {
			isa = XCConfigurationList;
			buildConfigurations = (
				9A27F4D71E947BEE008FE993 /* Debug */,
				9A27F4D81E947BEE008FE993 /* Release */,
			);
			defaultConfigurationIsVisible = 0;
			defaultConfigurationName = Release;
		};
/* End XCConfigurationList section */
	};
	rootObject = 9A27F4B71E947BEE008FE993 /* Project object */;
}
